// !$*UTF8*$!
{
	archiveVersion = 1;
	classes = {
	};
	objectVersion = 77;
	objects = {

/* Begin PBXBuildFile section */
		0F0D16142E2963A800A1D817 /* PrivacyInfo.xcprivacy in Resources */ = {isa = PBXBuildFile; fileRef = 0F0D16132E2963A800A1D817 /* PrivacyInfo.xcprivacy */; };
		0FB3D00B2D40E8100004CB1A /* IQKeyboardManagerSwift in Frameworks */ = {isa = PBXBuildFile; productRef = 0FB3D00A2D40E8100004CB1A /* IQKeyboardManagerSwift */; };
		0FBB6D362DD779E80050162D /* SwiftMessages in Frameworks */ = {isa = PBXBuildFile; productRef = 0FBB6D352DD779E80050162D /* SwiftMessages */; };
		0FCC52AB2DBE7217002D6794 /* FirebaseAnalytics in Frameworks */ = {isa = PBXBuildFile; productRef = 0FCC52AA2DBE7217002D6794 /* FirebaseAnalytics */; };
		0FCC52AD2DBE7217002D6794 /* FirebaseAnalyticsOnDeviceConversion in Frameworks */ = {isa = PBXBuildFile; productRef = 0FCC52AC2DBE7217002D6794 /* FirebaseAnalyticsOnDeviceConversion */; };
		0FCC52AF2DBE7217002D6794 /* FirebaseAnalyticsWithoutAdIdSupport in Frameworks */ = {isa = PBXBuildFile; productRef = 0FCC52AE2DBE7217002D6794 /* FirebaseAnalyticsWithoutAdIdSupport */; };
		0FCC52B12DBE7217002D6794 /* FirebaseAppCheck in Frameworks */ = {isa = PBXBuildFile; productRef = 0FCC52B02DBE7217002D6794 /* FirebaseAppCheck */; };
		0FCC52B32DBE7217002D6794 /* FirebaseAppDistribution-Beta in Frameworks */ = {isa = PBXBuildFile; productRef = 0FCC52B22DBE7217002D6794 /* FirebaseAppDistribution-Beta */; };
		0FCC52B52DBE7217002D6794 /* FirebaseAuth in Frameworks */ = {isa = PBXBuildFile; productRef = 0FCC52B42DBE7217002D6794 /* FirebaseAuth */; };
		0FCC52B72DBE7217002D6794 /* FirebaseAuthCombine-Community in Frameworks */ = {isa = PBXBuildFile; productRef = 0FCC52B62DBE7217002D6794 /* FirebaseAuthCombine-Community */; };
		0FCC52B92DBE7217002D6794 /* FirebaseCore in Frameworks */ = {isa = PBXBuildFile; productRef = 0FCC52B82DBE7217002D6794 /* FirebaseCore */; };
		0FCC52BB2DBE7217002D6794 /* FirebaseCrashlytics in Frameworks */ = {isa = PBXBuildFile; productRef = 0FCC52BA2DBE7217002D6794 /* FirebaseCrashlytics */; };
		0FCC52BD2DBE7217002D6794 /* FirebaseDatabase in Frameworks */ = {isa = PBXBuildFile; productRef = 0FCC52BC2DBE7217002D6794 /* FirebaseDatabase */; };
		0FCC52BF2DBE7217002D6794 /* FirebaseDynamicLinks in Frameworks */ = {isa = PBXBuildFile; productRef = 0FCC52BE2DBE7217002D6794 /* FirebaseDynamicLinks */; };
		0FCC52C12DBE7217002D6794 /* FirebaseFirestore in Frameworks */ = {isa = PBXBuildFile; productRef = 0FCC52C02DBE7217002D6794 /* FirebaseFirestore */; };
		0FCC52C32DBE7217002D6794 /* FirebaseFirestoreCombine-Community in Frameworks */ = {isa = PBXBuildFile; productRef = 0FCC52C22DBE7217002D6794 /* FirebaseFirestoreCombine-Community */; };
		0FCC52C52DBE7217002D6794 /* FirebaseFunctions in Frameworks */ = {isa = PBXBuildFile; productRef = 0FCC52C42DBE7217002D6794 /* FirebaseFunctions */; };
		0FCC52C72DBE7217002D6794 /* FirebaseFunctionsCombine-Community in Frameworks */ = {isa = PBXBuildFile; productRef = 0FCC52C62DBE7217002D6794 /* FirebaseFunctionsCombine-Community */; };
		0FCC52C92DBE7217002D6794 /* FirebaseInAppMessaging-Beta in Frameworks */ = {isa = PBXBuildFile; productRef = 0FCC52C82DBE7217002D6794 /* FirebaseInAppMessaging-Beta */; };
		0FCC52CB2DBE7217002D6794 /* FirebaseInstallations in Frameworks */ = {isa = PBXBuildFile; productRef = 0FCC52CA2DBE7217002D6794 /* FirebaseInstallations */; };
		0FCC52CD2DBE7217002D6794 /* FirebaseMLModelDownloader in Frameworks */ = {isa = PBXBuildFile; productRef = 0FCC52CC2DBE7217002D6794 /* FirebaseMLModelDownloader */; };
		0FCC52CF2DBE7217002D6794 /* FirebaseMessaging in Frameworks */ = {isa = PBXBuildFile; productRef = 0FCC52CE2DBE7217002D6794 /* FirebaseMessaging */; };
		0FCC52D12DBE7217002D6794 /* FirebasePerformance in Frameworks */ = {isa = PBXBuildFile; productRef = 0FCC52D02DBE7217002D6794 /* FirebasePerformance */; };
		0FCC52D32DBE7217002D6794 /* FirebaseRemoteConfig in Frameworks */ = {isa = PBXBuildFile; productRef = 0FCC52D22DBE7217002D6794 /* FirebaseRemoteConfig */; };
		0FCC52D52DBE7217002D6794 /* FirebaseStorage in Frameworks */ = {isa = PBXBuildFile; productRef = 0FCC52D42DBE7217002D6794 /* FirebaseStorage */; };
		0FCC52D72DBE7217002D6794 /* FirebaseStorageCombine-Community in Frameworks */ = {isa = PBXBuildFile; productRef = 0FCC52D62DBE7217002D6794 /* FirebaseStorageCombine-Community */; };
		0FCC52D92DBE7217002D6794 /* FirebaseVertexAI in Frameworks */ = {isa = PBXBuildFile; productRef = 0FCC52D82DBE7217002D6794 /* FirebaseVertexAI */; };
/* End PBXBuildFile section */

/* Begin PBXContainerItemProxy section */
		0FA0908C2D2FAEB300D83F96 /* PBXContainerItemProxy */ = {
			isa = PBXContainerItemProxy;
			containerPortal = 0FA090602D2FAEB000D83F96 /* Project object */;
			proxyType = 1;
			remoteGlobalIDString = 0FA090672D2FAEB000D83F96;
			remoteInfo = MathQuizMastery;
		};
		0FCB455F2DA54296002D6239 /* PBXContainerItemProxy */ = {
			isa = PBXContainerItemProxy;
			containerPortal = 0FA090602D2FAEB000D83F96 /* Project object */;
			proxyType = 1;
			remoteGlobalIDString = 0FA090672D2FAEB000D83F96;
			remoteInfo = MathQuizMastery;
		};
/* End PBXContainerItemProxy section */

/* Begin PBXFileReference section */
		0F0D16132E2963A800A1D817 /* PrivacyInfo.xcprivacy */ = {isa = PBXFileReference; lastKnownFileType = text.xml; path = PrivacyInfo.xcprivacy; sourceTree = "<group>"; };
		0FA090682D2FAEB000D83F96 /* MathQuizMastery.app */ = {isa = PBXFileReference; explicitFileType = wrapper.application; includeInIndex = 0; path = MathQuizMastery.app; sourceTree = BUILT_PRODUCTS_DIR; };
		0FA0908B2D2FAEB300D83F96 /* MathQuizMasteryUITests.xctest */ = {isa = PBXFileReference; explicitFileType = wrapper.cfbundle; includeInIndex = 0; path = MathQuizMasteryUITests.xctest; sourceTree = BUILT_PRODUCTS_DIR; };
		0FCB455B2DA54295002D6239 /* MathQuizMasteryTests.xctest */ = {isa = PBXFileReference; explicitFileType = wrapper.cfbundle; includeInIndex = 0; path = MathQuizMasteryTests.xctest; sourceTree = BUILT_PRODUCTS_DIR; };
/* End PBXFileReference section */

/* Begin PBXFileSystemSynchronizedBuildFileExceptionSet section */
		0F0F0CBB2E0C2F1100D371C1 /* Exceptions for "MathQuizMastery" folder in "MathQuizMasteryUITests" target */ = {
			isa = PBXFileSystemSynchronizedBuildFileExceptionSet;
			membershipExceptions = (
				Utils/AppTrackingManager.swift,
			);
			target = 0FA0908A2D2FAEB300D83F96 /* MathQuizMasteryUITests */;
		};
		0F0F0CBC2E0C2F1100D371C1 /* Exceptions for "MathQuizMastery" folder in "MathQuizMasteryTests" target */ = {
			isa = PBXFileSystemSynchronizedBuildFileExceptionSet;
			membershipExceptions = (
				Utils/AppTrackingManager.swift,
			);
			target = 0FCB455A2DA54295002D6239 /* MathQuizMasteryTests */;
		};
		0FA090932D2FAEB300D83F96 /* Exceptions for "MathQuizMastery" folder in "MathQuizMastery" target */ = {
			isa = PBXFileSystemSynchronizedBuildFileExceptionSet;
			membershipExceptions = (
				Info.plist,
			);
			target = 0FA090672D2FAEB000D83F96 /* MathQuizMastery */;
		};
/* End PBXFileSystemSynchronizedBuildFileExceptionSet section */

/* Begin PBXFileSystemSynchronizedRootGroup section */
		0FA0906A2D2FAEB000D83F96 /* MathQuizMastery */ = {
			isa = PBXFileSystemSynchronizedRootGroup;
			exceptions = (
				0FA090932D2FAEB300D83F96 /* Exceptions for "MathQuizMastery" folder in "MathQuizMastery" target */,
				0F0F0CBB2E0C2F1100D371C1 /* Exceptions for "MathQuizMastery" folder in "MathQuizMasteryUITests" target */,
				0F0F0CBC2E0C2F1100D371C1 /* Exceptions for "MathQuizMastery" folder in "MathQuizMasteryTests" target */,
			);
			path = MathQuizMastery;
			sourceTree = "<group>";
		};
		0FA0908E2D2FAEB300D83F96 /* MathQuizMasteryUITests */ = {
			isa = PBXFileSystemSynchronizedRootGroup;
			path = MathQuizMasteryUITests;
			sourceTree = "<group>";
		};
		0FCB455C2DA54296002D6239 /* MathQuizMasteryTests */ = {
			isa = PBXFileSystemSynchronizedRootGroup;
			path = MathQuizMasteryTests;
			sourceTree = "<group>";
		};
/* End PBXFileSystemSynchronizedRootGroup section */

/* Begin PBXFrameworksBuildPhase section */
		0FA090652D2FAEB000D83F96 /* Frameworks */ = {
			isa = PBXFrameworksBuildPhase;
			buildActionMask = 2147483647;
			files = (
				0FCC52AB2DBE7217002D6794 /* FirebaseAnalytics in Frameworks */,
				0FCC52C12DBE7217002D6794 /* FirebaseFirestore in Frameworks */,
				0FCC52AD2DBE7217002D6794 /* FirebaseAnalyticsOnDeviceConversion in Frameworks */,
				0FCC52CB2DBE7217002D6794 /* FirebaseInstallations in Frameworks */,
				0FB3D00B2D40E8100004CB1A /* IQKeyboardManagerSwift in Frameworks */,
				0FCC52B12DBE7217002D6794 /* FirebaseAppCheck in Frameworks */,
				0FCC52C92DBE7217002D6794 /* FirebaseInAppMessaging-Beta in Frameworks */,
				0FCC52AF2DBE7217002D6794 /* FirebaseAnalyticsWithoutAdIdSupport in Frameworks */,
				0FBB6D362DD779E80050162D /* SwiftMessages in Frameworks */,
				0FCC52B52DBE7217002D6794 /* FirebaseAuth in Frameworks */,
				0FCC52C72DBE7217002D6794 /* FirebaseFunctionsCombine-Community in Frameworks */,
				0FCC52D72DBE7217002D6794 /* FirebaseStorageCombine-Community in Frameworks */,
				0FCC52B32DBE7217002D6794 /* FirebaseAppDistribution-Beta in Frameworks */,
				0FCC52D92DBE7217002D6794 /* FirebaseVertexAI in Frameworks */,
				0FCC52D52DBE7217002D6794 /* FirebaseStorage in Frameworks */,
				0FCC52D32DBE7217002D6794 /* FirebaseRemoteConfig in Frameworks */,
				0FCC52BB2DBE7217002D6794 /* FirebaseCrashlytics in Frameworks */,
				0FCC52CF2DBE7217002D6794 /* FirebaseMessaging in Frameworks */,
				0FCC52CD2DBE7217002D6794 /* FirebaseMLModelDownloader in Frameworks */,
				0FCC52D12DBE7217002D6794 /* FirebasePerformance in Frameworks */,
				0FCC52BD2DBE7217002D6794 /* FirebaseDatabase in Frameworks */,
				0FCC52B92DBE7217002D6794 /* FirebaseCore in Frameworks */,
				0FCC52B72DBE7217002D6794 /* FirebaseAuthCombine-Community in Frameworks */,
				0FCC52C52DBE7217002D6794 /* FirebaseFunctions in Frameworks */,
				0FCC52BF2DBE7217002D6794 /* FirebaseDynamicLinks in Frameworks */,
				0FCC52C32DBE7217002D6794 /* FirebaseFirestoreCombine-Community in Frameworks */,
			);
			runOnlyForDeploymentPostprocessing = 0;
		};
		0FA090882D2FAEB300D83F96 /* Frameworks */ = {
			isa = PBXFrameworksBuildPhase;
			buildActionMask = 2147483647;
			files = (
			);
			runOnlyForDeploymentPostprocessing = 0;
		};
		0FCB45582DA54295002D6239 /* Frameworks */ = {
			isa = PBXFrameworksBuildPhase;
			buildActionMask = 2147483647;
			files = (
			);
			runOnlyForDeploymentPostprocessing = 0;
		};
/* End PBXFrameworksBuildPhase section */

/* Begin PBXGroup section */
		0FA0905F2D2FAEB000D83F96 = {
			isa = PBXGroup;
			children = (
				0F0D16132E2963A800A1D817 /* PrivacyInfo.xcprivacy */,
				0FA0906A2D2FAEB000D83F96 /* MathQuizMastery */,
				0FA0908E2D2FAEB300D83F96 /* MathQuizMasteryUITests */,
				0FCB455C2DA54296002D6239 /* MathQuizMasteryTests */,
				0FA090692D2FAEB000D83F96 /* Products */,
			);
			sourceTree = "<group>";
		};
		0FA090692D2FAEB000D83F96 /* Products */ = {
			isa = PBXGroup;
			children = (
				0FA090682D2FAEB000D83F96 /* MathQuizMastery.app */,
				0FA0908B2D2FAEB300D83F96 /* MathQuizMasteryUITests.xctest */,
				0FCB455B2DA54295002D6239 /* MathQuizMasteryTests.xctest */,
			);
			name = Products;
			sourceTree = "<group>";
		};
/* End PBXGroup section */

/* Begin PBXNativeTarget section */
		0FA090672D2FAEB000D83F96 /* MathQuizMastery */ = {
			isa = PBXNativeTarget;
			buildConfigurationList = 0FA090942D2FAEB300D83F96 /* Build configuration list for PBXNativeTarget "MathQuizMastery" */;
			buildPhases = (
				0FA090642D2FAEB000D83F96 /* Sources */,
				0FA090652D2FAEB000D83F96 /* Frameworks */,
				0FA090662D2FAEB000D83F96 /* Resources */,
			);
			buildRules = (
			);
			dependencies = (
			);
			fileSystemSynchronizedGroups = (
				0FA0906A2D2FAEB000D83F96 /* MathQuizMastery */,
			);
			name = MathQuizMastery;
			packageProductDependencies = (
				0FB3D00A2D40E8100004CB1A /* IQKeyboardManagerSwift */,
				0FCC52AA2DBE7217002D6794 /* FirebaseAnalytics */,
				0FCC52AC2DBE7217002D6794 /* FirebaseAnalyticsOnDeviceConversion */,
				0FCC52AE2DBE7217002D6794 /* FirebaseAnalyticsWithoutAdIdSupport */,
				0FCC52B02DBE7217002D6794 /* FirebaseAppCheck */,
				0FCC52B22DBE7217002D6794 /* FirebaseAppDistribution-Beta */,
				0FCC52B42DBE7217002D6794 /* FirebaseAuth */,
				0FCC52B62DBE7217002D6794 /* FirebaseAuthCombine-Community */,
				0FCC52B82DBE7217002D6794 /* FirebaseCore */,
				0FCC52BA2DBE7217002D6794 /* FirebaseCrashlytics */,
				0FCC52BC2DBE7217002D6794 /* FirebaseDatabase */,
				0FCC52BE2DBE7217002D6794 /* FirebaseDynamicLinks */,
				0FCC52C02DBE7217002D6794 /* FirebaseFirestore */,
				0FCC52C22DBE7217002D6794 /* FirebaseFirestoreCombine-Community */,
				0FCC52C42DBE7217002D6794 /* FirebaseFunctions */,
				0FCC52C62DBE7217002D6794 /* FirebaseFunctionsCombine-Community */,
				0FCC52C82DBE7217002D6794 /* FirebaseInAppMessaging-Beta */,
				0FCC52CA2DBE7217002D6794 /* FirebaseInstallations */,
				0FCC52CC2DBE7217002D6794 /* FirebaseMLModelDownloader */,
				0FCC52CE2DBE7217002D6794 /* FirebaseMessaging */,
				0FCC52D02DBE7217002D6794 /* FirebasePerformance */,
				0FCC52D22DBE7217002D6794 /* FirebaseRemoteConfig */,
				0FCC52D42DBE7217002D6794 /* FirebaseStorage */,
				0FCC52D62DBE7217002D6794 /* FirebaseStorageCombine-Community */,
				0FCC52D82DBE7217002D6794 /* FirebaseVertexAI */,
				0FBB6D352DD779E80050162D /* SwiftMessages */,
			);
			productName = MathQuizMastery;
			productReference = 0FA090682D2FAEB000D83F96 /* MathQuizMastery.app */;
			productType = "com.apple.product-type.application";
		};
		0FA0908A2D2FAEB300D83F96 /* MathQuizMasteryUITests */ = {
			isa = PBXNativeTarget;
			buildConfigurationList = 0FA0909C2D2FAEB300D83F96 /* Build configuration list for PBXNativeTarget "MathQuizMasteryUITests" */;
			buildPhases = (
				0FA090872D2FAEB300D83F96 /* Sources */,
				0FA090882D2FAEB300D83F96 /* Frameworks */,
				0FA090892D2FAEB300D83F96 /* Resources */,
			);
			buildRules = (
			);
			dependencies = (
				0FA0908D2D2FAEB300D83F96 /* PBXTargetDependency */,
			);
			fileSystemSynchronizedGroups = (
				0FA0908E2D2FAEB300D83F96 /* MathQuizMasteryUITests */,
			);
			name = MathQuizMasteryUITests;
			packageProductDependencies = (
			);
			productName = MathQuizMasteryUITests;
			productReference = 0FA0908B2D2FAEB300D83F96 /* MathQuizMasteryUITests.xctest */;
			productType = "com.apple.product-type.bundle.ui-testing";
		};
		0FCB455A2DA54295002D6239 /* MathQuizMasteryTests */ = {
			isa = PBXNativeTarget;
			buildConfigurationList = 0FCB45612DA54296002D6239 /* Build configuration list for PBXNativeTarget "MathQuizMasteryTests" */;
			buildPhases = (
				0FCB45572DA54295002D6239 /* Sources */,
				0FCB45582DA54295002D6239 /* Frameworks */,
				0FCB45592DA54295002D6239 /* Resources */,
			);
			buildRules = (
			);
			dependencies = (
				0FCB45602DA54296002D6239 /* PBXTargetDependency */,
			);
			fileSystemSynchronizedGroups = (
				0FCB455C2DA54296002D6239 /* MathQuizMasteryTests */,
			);
			name = MathQuizMasteryTests;
			packageProductDependencies = (
			);
			productName = MathQuizMasteryTests;
			productReference = 0FCB455B2DA54295002D6239 /* MathQuizMasteryTests.xctest */;
			productType = "com.apple.product-type.bundle.unit-test";
		};
/* End PBXNativeTarget section */

/* Begin PBXProject section */
		0FA090602D2FAEB000D83F96 /* Project object */ = {
			isa = PBXProject;
			attributes = {
				BuildIndependentTargetsInParallel = 1;
				LastSwiftUpdateCheck = 1630;
				LastUpgradeCheck = 1640;
				TargetAttributes = {
					0FA090672D2FAEB000D83F96 = {
						CreatedOnToolsVersion = 16.2;
					};
					0FA0908A2D2FAEB300D83F96 = {
						CreatedOnToolsVersion = 16.2;
						TestTargetID = 0FA090672D2FAEB000D83F96;
					};
					0FCB455A2DA54295002D6239 = {
						CreatedOnToolsVersion = 16.3;
						TestTargetID = 0FA090672D2FAEB000D83F96;
					};
				};
			};
			buildConfigurationList = 0FA090632D2FAEB000D83F96 /* Build configuration list for PBXProject "MathQuizMastery" */;
			developmentRegion = en;
			hasScannedForEncodings = 0;
			knownRegions = (
				en,
				tr,
				de,
				ar,
				"zh-Hans",
				ja,
				es,
				it,
				ko,
				"pt-BR",
				fr,
				nl,
				Base,
				ca,
				cs,
				da,
				el,
				fi,
				he,
				hi,
				hr,
				hu,
				id,
				ms,
				nb,
				pl,
				"pt-PT",
				ro,
				ru,
				sk,
				sv,
				th,
				uk,
				vi,
				"zh-Hant",
				"es-MX",
				"fr-CA",
				"en-GB",
				"en-AU",
				"en-CA",
				"en-IN",
				"en-SG",
				"en-NZ",
				"en-ZA",
				"zh-HK",
			);
			mainGroup = 0FA0905F2D2FAEB000D83F96;
			minimizedProjectReferenceProxies = 1;
			packageReferences = (
				0F7B152C2D35034300BAF7D4 /* XCRemoteSwiftPackageReference "Swinject" */,
				0FB3D0092D40E8100004CB1A /* XCRemoteSwiftPackageReference "IQKeyboardManager" */,
				0FCC52A92DBE7217002D6794 /* XCRemoteSwiftPackageReference "firebase-ios-sdk" */,
				0FBB6D342DD779E80050162D /* XCRemoteSwiftPackageReference "SwiftMessages" */,
			);
			preferredProjectObjectVersion = 77;
			productRefGroup = 0FA090692D2FAEB000D83F96 /* Products */;
			projectDirPath = "";
			projectRoot = "";
			targets = (
				0FA090672D2FAEB000D83F96 /* MathQuizMastery */,
				0FA0908A2D2FAEB300D83F96 /* MathQuizMasteryUITests */,
				0FCB455A2DA54295002D6239 /* MathQuizMasteryTests */,
			);
		};
/* End PBXProject section */

/* Begin PBXResourcesBuildPhase section */
		0FA090662D2FAEB000D83F96 /* Resources */ = {
			isa = PBXResourcesBuildPhase;
			buildActionMask = 2147483647;
			files = (
				0F0D16142E2963A800A1D817 /* PrivacyInfo.xcprivacy in Resources */,
			);
			runOnlyForDeploymentPostprocessing = 0;
		};
		0FA090892D2FAEB300D83F96 /* Resources */ = {
			isa = PBXResourcesBuildPhase;
			buildActionMask = 2147483647;
			files = (
			);
			runOnlyForDeploymentPostprocessing = 0;
		};
		0FCB45592DA54295002D6239 /* Resources */ = {
			isa = PBXResourcesBuildPhase;
			buildActionMask = 2147483647;
			files = (
			);
			runOnlyForDeploymentPostprocessing = 0;
		};
/* End PBXResourcesBuildPhase section */

/* Begin PBXSourcesBuildPhase section */
		0FA090642D2FAEB000D83F96 /* Sources */ = {
			isa = PBXSourcesBuildPhase;
			buildActionMask = 2147483647;
			files = (
			);
			runOnlyForDeploymentPostprocessing = 0;
		};
		0FA090872D2FAEB300D83F96 /* Sources */ = {
			isa = PBXSourcesBuildPhase;
			buildActionMask = 2147483647;
			files = (
			);
			runOnlyForDeploymentPostprocessing = 0;
		};
		0FCB45572DA54295002D6239 /* Sources */ = {
			isa = PBXSourcesBuildPhase;
			buildActionMask = 2147483647;
			files = (
			);
			runOnlyForDeploymentPostprocessing = 0;
		};
/* End PBXSourcesBuildPhase section */

/* Begin PBXTargetDependency section */
		0FA0908D2D2FAEB300D83F96 /* PBXTargetDependency */ = {
			isa = PBXTargetDependency;
			target = 0FA090672D2FAEB000D83F96 /* MathQuizMastery */;
			targetProxy = 0FA0908C2D2FAEB300D83F96 /* PBXContainerItemProxy */;
		};
		0FCB45602DA54296002D6239 /* PBXTargetDependency */ = {
			isa = PBXTargetDependency;
			target = 0FA090672D2FAEB000D83F96 /* MathQuizMastery */;
			targetProxy = 0FCB455F2DA54296002D6239 /* PBXContainerItemProxy */;
		};
/* End PBXTargetDependency section */

/* Begin XCBuildConfiguration section */
		0FA090952D2FAEB300D83F96 /* Debug */ = {
			isa = XCBuildConfiguration;
			buildSettings = {
				ASSETCATALOG_COMPILER_APPICON_NAME = AppIcon;
				ASSETCATALOG_COMPILER_GLOBAL_ACCENT_COLOR_NAME = AccentColor;
				ASSETCATALOG_COMPILER_INCLUDE_ALL_APPICON_ASSETS = NO;
				CODE_SIGN_STYLE = Automatic;
				CURRENT_PROJECT_VERSION = 6;
				DEBUG_INFORMATION_FORMAT = "dwarf-with-dsym";
				GENERATE_DEBUG_SYMBOLS = YES;
				GENERATE_INFOPLIST_FILE = YES;
				INFOPLIST_FILE = MathQuizMastery/Info.plist;
				INFOPLIST_KEY_CFBundleDisplayName = "Math Quiz Mastery";
				INFOPLIST_KEY_LSApplicationCategoryType = "public.app-category.games";
				INFOPLIST_KEY_UIApplicationSupportsIndirectInputEvents = YES;
				INFOPLIST_KEY_UILaunchStoryboardName = LaunchScreen;
				INFOPLIST_KEY_UIMainStoryboardFile = "";
				INFOPLIST_KEY_UIStatusBarStyle = "";
				INFOPLIST_KEY_UISupportedInterfaceOrientations = "UIInterfaceOrientationLandscapeLeft UIInterfaceOrientationLandscapeRight UIInterfaceOrientationPortrait";
				INFOPLIST_KEY_UISupportedInterfaceOrientations_iPad = UIInterfaceOrientationPortrait;
				IPHONEOS_DEPLOYMENT_TARGET = 16.6;
				LD_RUNPATH_SEARCH_PATHS = (
					"$(inherited)",
					"@executable_path/Frameworks",
				);
				MARKETING_VERSION = 1.0;
				PRODUCT_BUNDLE_IDENTIFIER = com.aydinkaya.MathQuizMastery;
				PRODUCT_NAME = "$(TARGET_NAME)";
				STRIP_DEBUG_SYMBOLS_DURING_COPY = NO;
				SWIFT_EMIT_LOC_STRINGS = YES;
				SWIFT_VERSION = 5.0;
				TARGETED_DEVICE_FAMILY = 1;
			};
			name = Debug;
		};
		0FA090962D2FAEB300D83F96 /* Release */ = {
			isa = XCBuildConfiguration;
			buildSettings = {
				ASSETCATALOG_COMPILER_APPICON_NAME = AppIcon;
				ASSETCATALOG_COMPILER_GLOBAL_ACCENT_COLOR_NAME = AccentColor;
				ASSETCATALOG_COMPILER_INCLUDE_ALL_APPICON_ASSETS = NO;
				CODE_SIGN_STYLE = Automatic;
				CURRENT_PROJECT_VERSION = 6;
				DEBUG_INFORMATION_FORMAT = "dwarf-with-dsym";
				GENERATE_DEBUG_SYMBOLS = YES;
				GENERATE_INFOPLIST_FILE = YES;
				INFOPLIST_FILE = MathQuizMastery/Info.plist;
				INFOPLIST_KEY_CFBundleDisplayName = "Math Quiz Mastery";
				INFOPLIST_KEY_LSApplicationCategoryType = "public.app-category.games";
				INFOPLIST_KEY_UIApplicationSupportsIndirectInputEvents = YES;
				INFOPLIST_KEY_UILaunchStoryboardName = LaunchScreen;
				INFOPLIST_KEY_UIMainStoryboardFile = "";
				INFOPLIST_KEY_UIStatusBarStyle = "";
				INFOPLIST_KEY_UISupportedInterfaceOrientations = "UIInterfaceOrientationLandscapeLeft UIInterfaceOrientationLandscapeRight UIInterfaceOrientationPortrait";
				INFOPLIST_KEY_UISupportedInterfaceOrientations_iPad = UIInterfaceOrientationPortrait;
				IPHONEOS_DEPLOYMENT_TARGET = 16.6;
				LD_RUNPATH_SEARCH_PATHS = (
					"$(inherited)",
					"@executable_path/Frameworks",
				);
				MARKETING_VERSION = 1.0;
				PRODUCT_BUNDLE_IDENTIFIER = com.aydinkaya.MathQuizMastery;
				PRODUCT_NAME = "$(TARGET_NAME)";
				STRIP_DEBUG_SYMBOLS_DURING_COPY = NO;
				SWIFT_EMIT_LOC_STRINGS = YES;
				SWIFT_VERSION = 5.0;
				TARGETED_DEVICE_FAMILY = 1;
			};
			name = Release;
		};
		0FA090972D2FAEB300D83F96 /* Debug */ = {
			isa = XCBuildConfiguration;
			buildSettings = {
				ALWAYS_SEARCH_USER_PATHS = NO;
				ASSETCATALOG_COMPILER_GENERATE_SWIFT_ASSET_SYMBOL_EXTENSIONS = YES;
				CLANG_ANALYZER_LOCALIZABILITY_NONLOCALIZED = YES;
				CLANG_ANALYZER_NONNULL = YES;
				CLANG_ANALYZER_NUMBER_OBJECT_CONVERSION = YES_AGGRESSIVE;
				CLANG_CXX_LANGUAGE_STANDARD = "gnu++20";
				CLANG_ENABLE_MODULES = YES;
				CLANG_ENABLE_OBJC_ARC = YES;
				CLANG_ENABLE_OBJC_WEAK = YES;
				CLANG_WARN_BLOCK_CAPTURE_AUTORELEASING = YES;
				CLANG_WARN_BOOL_CONVERSION = YES;
				CLANG_WARN_COMMA = YES;
				CLANG_WARN_CONSTANT_CONVERSION = YES;
				CLANG_WARN_DEPRECATED_OBJC_IMPLEMENTATIONS = YES;
				CLANG_WARN_DIRECT_OBJC_ISA_USAGE = YES_ERROR;
				CLANG_WARN_DOCUMENTATION_COMMENTS = YES;
				CLANG_WARN_EMPTY_BODY = YES;
				CLANG_WARN_ENUM_CONVERSION = YES;
				CLANG_WARN_INFINITE_RECURSION = YES;
				CLANG_WARN_INT_CONVERSION = YES;
				CLANG_WARN_NON_LITERAL_NULL_CONVERSION = YES;
				CLANG_WARN_OBJC_IMPLICIT_RETAIN_SELF = YES;
				CLANG_WARN_OBJC_LITERAL_CONVERSION = YES;
				CLANG_WARN_OBJC_ROOT_CLASS = YES_ERROR;
				CLANG_WARN_QUOTED_INCLUDE_IN_FRAMEWORK_HEADER = YES;
				CLANG_WARN_RANGE_LOOP_ANALYSIS = YES;
				CLANG_WARN_STRICT_PROTOTYPES = YES;
				CLANG_WARN_SUSPICIOUS_MOVE = YES;
				CLANG_WARN_UNGUARDED_AVAILABILITY = YES_AGGRESSIVE;
				CLANG_WARN_UNREACHABLE_CODE = YES;
				CLANG_WARN__DUPLICATE_METHOD_MATCH = YES;
				COPY_PHASE_STRIP = NO;
				DEBUG_INFORMATION_FORMAT = dwarf;
				DEVELOPMENT_TEAM = F94LVB2LVZ;
				ENABLE_STRICT_OBJC_MSGSEND = YES;
				ENABLE_TESTABILITY = YES;
				ENABLE_USER_SCRIPT_SANDBOXING = YES;
				GCC_C_LANGUAGE_STANDARD = gnu17;
				GCC_DYNAMIC_NO_PIC = NO;
				GCC_NO_COMMON_BLOCKS = YES;
				GCC_OPTIMIZATION_LEVEL = 0;
				GCC_PREPROCESSOR_DEFINITIONS = (
					"DEBUG=1",
					"$(inherited)",
				);
				GCC_WARN_64_TO_32_BIT_CONVERSION = YES;
				GCC_WARN_ABOUT_RETURN_TYPE = YES_ERROR;
				GCC_WARN_UNDECLARED_SELECTOR = YES;
				GCC_WARN_UNINITIALIZED_AUTOS = YES_AGGRESSIVE;
				GCC_WARN_UNUSED_FUNCTION = YES;
				GCC_WARN_UNUSED_VARIABLE = YES;
				IPHONEOS_DEPLOYMENT_TARGET = 15.6;
				LOCALIZATION_PREFERS_STRING_CATALOGS = YES;
				MTL_ENABLE_DEBUG_INFO = INCLUDE_SOURCE;
				MTL_FAST_MATH = YES;
				ONLY_ACTIVE_ARCH = YES;
				SDKROOT = iphoneos;
				SWIFT_ACTIVE_COMPILATION_CONDITIONS = "DEBUG $(inherited)";
				SWIFT_OPTIMIZATION_LEVEL = "-Onone";
			};
			name = Debug;
		};
		0FA090982D2FAEB300D83F96 /* Release */ = {
			isa = XCBuildConfiguration;
			buildSettings = {
				ALWAYS_SEARCH_USER_PATHS = NO;
				ASSETCATALOG_COMPILER_GENERATE_SWIFT_ASSET_SYMBOL_EXTENSIONS = YES;
				CLANG_ANALYZER_LOCALIZABILITY_NONLOCALIZED = YES;
				CLANG_ANALYZER_NONNULL = YES;
				CLANG_ANALYZER_NUMBER_OBJECT_CONVERSION = YES_AGGRESSIVE;
				CLANG_CXX_LANGUAGE_STANDARD = "gnu++20";
				CLANG_ENABLE_MODULES = YES;
				CLANG_ENABLE_OBJC_ARC = YES;
				CLANG_ENABLE_OBJC_WEAK = YES;
				CLANG_WARN_BLOCK_CAPTURE_AUTORELEASING = YES;
				CLANG_WARN_BOOL_CONVERSION = YES;
				CLANG_WARN_COMMA = YES;
				CLANG_WARN_CONSTANT_CONVERSION = YES;
				CLANG_WARN_DEPRECATED_OBJC_IMPLEMENTATIONS = YES;
				CLANG_WARN_DIRECT_OBJC_ISA_USAGE = YES_ERROR;
				CLANG_WARN_DOCUMENTATION_COMMENTS = YES;
				CLANG_WARN_EMPTY_BODY = YES;
				CLANG_WARN_ENUM_CONVERSION = YES;
				CLANG_WARN_INFINITE_RECURSION = YES;
				CLANG_WARN_INT_CONVERSION = YES;
				CLANG_WARN_NON_LITERAL_NULL_CONVERSION = YES;
				CLANG_WARN_OBJC_IMPLICIT_RETAIN_SELF = YES;
				CLANG_WARN_OBJC_LITERAL_CONVERSION = YES;
				CLANG_WARN_OBJC_ROOT_CLASS = YES_ERROR;
				CLANG_WARN_QUOTED_INCLUDE_IN_FRAMEWORK_HEADER = YES;
				CLANG_WARN_RANGE_LOOP_ANALYSIS = YES;
				CLANG_WARN_STRICT_PROTOTYPES = YES;
				CLANG_WARN_SUSPICIOUS_MOVE = YES;
				CLANG_WARN_UNGUARDED_AVAILABILITY = YES_AGGRESSIVE;
				CLANG_WARN_UNREACHABLE_CODE = YES;
				CLANG_WARN__DUPLICATE_METHOD_MATCH = YES;
				COPY_PHASE_STRIP = NO;
				DEBUG_INFORMATION_FORMAT = "dwarf-with-dsym";
				DEVELOPMENT_TEAM = F94LVB2LVZ;
				ENABLE_NS_ASSERTIONS = NO;
				ENABLE_STRICT_OBJC_MSGSEND = YES;
				ENABLE_USER_SCRIPT_SANDBOXING = YES;
				GCC_C_LANGUAGE_STANDARD = gnu17;
				GCC_NO_COMMON_BLOCKS = YES;
				GCC_WARN_64_TO_32_BIT_CONVERSION = YES;
				GCC_WARN_ABOUT_RETURN_TYPE = YES_ERROR;
				GCC_WARN_UNDECLARED_SELECTOR = YES;
				GCC_WARN_UNINITIALIZED_AUTOS = YES_AGGRESSIVE;
				GCC_WARN_UNUSED_FUNCTION = YES;
				GCC_WARN_UNUSED_VARIABLE = YES;
				IPHONEOS_DEPLOYMENT_TARGET = 15.6;
				LOCALIZATION_PREFERS_STRING_CATALOGS = YES;
				MTL_ENABLE_DEBUG_INFO = NO;
				MTL_FAST_MATH = YES;
				SDKROOT = iphoneos;
				SWIFT_COMPILATION_MODE = wholemodule;
				VALIDATE_PRODUCT = YES;
			};
			name = Release;
		};
		0FA0909D2D2FAEB300D83F96 /* Debug */ = {
			isa = XCBuildConfiguration;
			buildSettings = {
				CODE_SIGN_STYLE = Automatic;
				CURRENT_PROJECT_VERSION = 1;
				GENERATE_INFOPLIST_FILE = YES;
				IPHONEOS_DEPLOYMENT_TARGET = 15.6;
				MARKETING_VERSION = 1.0;
				PRODUCT_BUNDLE_IDENTIFIER = com.aydinkaya.MathQuizMasteryUITests;
				PRODUCT_NAME = "$(TARGET_NAME)";
				SWIFT_EMIT_LOC_STRINGS = NO;
				SWIFT_VERSION = 5.0;
				TARGETED_DEVICE_FAMILY = "1,2";
				TEST_TARGET_NAME = MathQuizMastery;
			};
			name = Debug;
		};
		0FA0909E2D2FAEB300D83F96 /* Release */ = {
			isa = XCBuildConfiguration;
			buildSettings = {
				CODE_SIGN_STYLE = Automatic;
				CURRENT_PROJECT_VERSION = 1;
				GENERATE_INFOPLIST_FILE = YES;
				IPHONEOS_DEPLOYMENT_TARGET = 15.6;
				MARKETING_VERSION = 1.0;
				PRODUCT_BUNDLE_IDENTIFIER = com.aydinkaya.MathQuizMasteryUITests;
				PRODUCT_NAME = "$(TARGET_NAME)";
				SWIFT_EMIT_LOC_STRINGS = NO;
				SWIFT_VERSION = 5.0;
				TARGETED_DEVICE_FAMILY = "1,2";
				TEST_TARGET_NAME = MathQuizMastery;
			};
			name = Release;
		};
		0FCB45622DA54296002D6239 /* Debug */ = {
			isa = XCBuildConfiguration;
			buildSettings = {
				BUNDLE_LOADER = "$(TEST_HOST)";
				CODE_SIGN_STYLE = Automatic;
				CURRENT_PROJECT_VERSION = 1;
				GENERATE_INFOPLIST_FILE = YES;
				IPHONEOS_DEPLOYMENT_TARGET = 18.4;
				MARKETING_VERSION = 1.0;
				PRODUCT_BUNDLE_IDENTIFIER = com.aydinkaya.MathQuizMasteryTests;
				PRODUCT_NAME = "$(TARGET_NAME)";
				SWIFT_EMIT_LOC_STRINGS = NO;
				SWIFT_VERSION = 5.0;
				TARGETED_DEVICE_FAMILY = "1,2";
				TEST_HOST = "$(BUILT_PRODUCTS_DIR)/MathQuizMastery.app/$(BUNDLE_EXECUTABLE_FOLDER_PATH)/MathQuizMastery";
			};
			name = Debug;
		};
		0FCB45632DA54296002D6239 /* Release */ = {
			isa = XCBuildConfiguration;
			buildSettings = {
				BUNDLE_LOADER = "$(TEST_HOST)";
				CODE_SIGN_STYLE = Automatic;
				CURRENT_PROJECT_VERSION = 1;
				GENERATE_INFOPLIST_FILE = YES;
				IPHONEOS_DEPLOYMENT_TARGET = 18.4;
				MARKETING_VERSION = 1.0;
				PRODUCT_BUNDLE_IDENTIFIER = com.aydinkaya.MathQuizMasteryTests;
				PRODUCT_NAME = "$(TARGET_NAME)";
				SWIFT_EMIT_LOC_STRINGS = NO;
				SWIFT_VERSION = 5.0;
				TARGETED_DEVICE_FAMILY = "1,2";
				TEST_HOST = "$(BUILT_PRODUCTS_DIR)/MathQuizMastery.app/$(BUNDLE_EXECUTABLE_FOLDER_PATH)/MathQuizMastery";
			};
			name = Release;
		};
/* End XCBuildConfiguration section */

/* Begin XCConfigurationList section */
		0FA090632D2FAEB000D83F96 /* Build configuration list for PBXProject "MathQuizMastery" */ = {
			isa = XCConfigurationList;
			buildConfigurations = (
				0FA090972D2FAEB300D83F96 /* Debug */,
				0FA090982D2FAEB300D83F96 /* Release */,
			);
			defaultConfigurationIsVisible = 0;
			defaultConfigurationName = Release;
		};
		0FA090942D2FAEB300D83F96 /* Build configuration list for PBXNativeTarget "MathQuizMastery" */ = {
			isa = XCConfigurationList;
			buildConfigurations = (
				0FA090952D2FAEB300D83F96 /* Debug */,
				0FA090962D2FAEB300D83F96 /* Release */,
			);
			defaultConfigurationIsVisible = 0;
			defaultConfigurationName = Release;
		};
		0FA0909C2D2FAEB300D83F96 /* Build configuration list for PBXNativeTarget "MathQuizMasteryUITests" */ = {
			isa = XCConfigurationList;
			buildConfigurations = (
				0FA0909D2D2FAEB300D83F96 /* Debug */,
				0FA0909E2D2FAEB300D83F96 /* Release */,
			);
			defaultConfigurationIsVisible = 0;
			defaultConfigurationName = Release;
		};
		0FCB45612DA54296002D6239 /* Build configuration list for PBXNativeTarget "MathQuizMasteryTests" */ = {
			isa = XCConfigurationList;
			buildConfigurations = (
				0FCB45622DA54296002D6239 /* Debug */,
				0FCB45632DA54296002D6239 /* Release */,
			);
			defaultConfigurationIsVisible = 0;
			defaultConfigurationName = Release;
		};
/* End XCConfigurationList section */

/* Begin XCRemoteSwiftPackageReference section */
		0F7B152C2D35034300BAF7D4 /* XCRemoteSwiftPackageReference "Swinject" */ = {
			isa = XCRemoteSwiftPackageReference;
			repositoryURL = "https://github.com/Swinject/Swinject.git";
			requirement = {
				kind = upToNextMajorVersion;
				minimumVersion = 2.9.1;
			};
		};
		0FB3D0092D40E8100004CB1A /* XCRemoteSwiftPackageReference "IQKeyboardManager" */ = {
			isa = XCRemoteSwiftPackageReference;
			repositoryURL = "https://github.com/hackiftekhar/IQKeyboardManager.git";
			requirement = {
				kind = upToNextMajorVersion;
				minimumVersion = 8.0.0;
			};
		};
		0FBB6D342DD779E80050162D /* XCRemoteSwiftPackageReference "SwiftMessages" */ = {
			isa = XCRemoteSwiftPackageReference;
			repositoryURL = "https://github.com/SwiftKickMobile/SwiftMessages.git";
			requirement = {
				kind = upToNextMajorVersion;
				minimumVersion = 10.0.1;
			};
		};
		0FCC52A92DBE7217002D6794 /* XCRemoteSwiftPackageReference "firebase-ios-sdk" */ = {
			isa = XCRemoteSwiftPackageReference;
			repositoryURL = "https://github.com/firebase/firebase-ios-sdk.git";
			requirement = {
				kind = upToNextMajorVersion;
				minimumVersion = 11.12.0;
			};
		};
/* End XCRemoteSwiftPackageReference section */

/* Begin XCSwiftPackageProductDependency section */
		0FB3D00A2D40E8100004CB1A /* IQKeyboardManagerSwift */ = {
			isa = XCSwiftPackageProductDependency;
			package = 0FB3D0092D40E8100004CB1A /* XCRemoteSwiftPackageReference "IQKeyboardManager" */;
			productName = IQKeyboardManagerSwift;
		};
		0FBB6D352DD779E80050162D /* SwiftMessages */ = {
			isa = XCSwiftPackageProductDependency;
			package = 0FBB6D342DD779E80050162D /* XCRemoteSwiftPackageReference "SwiftMessages" */;
			productName = SwiftMessages;
		};
		0FCC52AA2DBE7217002D6794 /* FirebaseAnalytics */ = {
			isa = XCSwiftPackageProductDependency;
			package = 0FCC52A92DBE7217002D6794 /* XCRemoteSwiftPackageReference "firebase-ios-sdk" */;
			productName = FirebaseAnalytics;
		};
		0FCC52AC2DBE7217002D6794 /* FirebaseAnalyticsOnDeviceConversion */ = {
			isa = XCSwiftPackageProductDependency;
			package = 0FCC52A92DBE7217002D6794 /* XCRemoteSwiftPackageReference "firebase-ios-sdk" */;
			productName = FirebaseAnalyticsOnDeviceConversion;
		};
		0FCC52AE2DBE7217002D6794 /* FirebaseAnalyticsWithoutAdIdSupport */ = {
			isa = XCSwiftPackageProductDependency;
			package = 0FCC52A92DBE7217002D6794 /* XCRemoteSwiftPackageReference "firebase-ios-sdk" */;
			productName = FirebaseAnalyticsWithoutAdIdSupport;
		};
		0FCC52B02DBE7217002D6794 /* FirebaseAppCheck */ = {
			isa = XCSwiftPackageProductDependency;
			package = 0FCC52A92DBE7217002D6794 /* XCRemoteSwiftPackageReference "firebase-ios-sdk" */;
			productName = FirebaseAppCheck;
		};
		0FCC52B22DBE7217002D6794 /* FirebaseAppDistribution-Beta */ = {
			isa = XCSwiftPackageProductDependency;
			package = 0FCC52A92DBE7217002D6794 /* XCRemoteSwiftPackageReference "firebase-ios-sdk" */;
			productName = "FirebaseAppDistribution-Beta";
		};
		0FCC52B42DBE7217002D6794 /* FirebaseAuth */ = {
			isa = XCSwiftPackageProductDependency;
			package = 0FCC52A92DBE7217002D6794 /* XCRemoteSwiftPackageReference "firebase-ios-sdk" */;
			productName = FirebaseAuth;
		};
		0FCC52B62DBE7217002D6794 /* FirebaseAuthCombine-Community */ = {
			isa = XCSwiftPackageProductDependency;
			package = 0FCC52A92DBE7217002D6794 /* XCRemoteSwiftPackageReference "firebase-ios-sdk" */;
			productName = "FirebaseAuthCombine-Community";
		};
		0FCC52B82DBE7217002D6794 /* FirebaseCore */ = {
			isa = XCSwiftPackageProductDependency;
			package = 0FCC52A92DBE7217002D6794 /* XCRemoteSwiftPackageReference "firebase-ios-sdk" */;
			productName = FirebaseCore;
		};
		0FCC52BA2DBE7217002D6794 /* FirebaseCrashlytics */ = {
			isa = XCSwiftPackageProductDependency;
			package = 0FCC52A92DBE7217002D6794 /* XCRemoteSwiftPackageReference "firebase-ios-sdk" */;
			productName = FirebaseCrashlytics;
		};
		0FCC52BC2DBE7217002D6794 /* FirebaseDatabase */ = {
			isa = XCSwiftPackageProductDependency;
			package = 0FCC52A92DBE7217002D6794 /* XCRemoteSwiftPackageReference "firebase-ios-sdk" */;
			productName = FirebaseDatabase;
		};
		0FCC52BE2DBE7217002D6794 /* FirebaseDynamicLinks */ = {
			isa = XCSwiftPackageProductDependency;
			package = 0FCC52A92DBE7217002D6794 /* XCRemoteSwiftPackageReference "firebase-ios-sdk" */;
			productName = FirebaseDynamicLinks;
		};
		0FCC52C02DBE7217002D6794 /* FirebaseFirestore */ = {
			isa = XCSwiftPackageProductDependency;
			package = 0FCC52A92DBE7217002D6794 /* XCRemoteSwiftPackageReference "firebase-ios-sdk" */;
			productName = FirebaseFirestore;
		};
		0FCC52C22DBE7217002D6794 /* FirebaseFirestoreCombine-Community */ = {
			isa = XCSwiftPackageProductDependency;
			package = 0FCC52A92DBE7217002D6794 /* XCRemoteSwiftPackageReference "firebase-ios-sdk" */;
			productName = "FirebaseFirestoreCombine-Community";
		};
		0FCC52C42DBE7217002D6794 /* FirebaseFunctions */ = {
			isa = XCSwiftPackageProductDependency;
			package = 0FCC52A92DBE7217002D6794 /* XCRemoteSwiftPackageReference "firebase-ios-sdk" */;
			productName = FirebaseFunctions;
		};
		0FCC52C62DBE7217002D6794 /* FirebaseFunctionsCombine-Community */ = {
			isa = XCSwiftPackageProductDependency;
			package = 0FCC52A92DBE7217002D6794 /* XCRemoteSwiftPackageReference "firebase-ios-sdk" */;
			productName = "FirebaseFunctionsCombine-Community";
		};
		0FCC52C82DBE7217002D6794 /* FirebaseInAppMessaging-Beta */ = {
			isa = XCSwiftPackageProductDependency;
			package = 0FCC52A92DBE7217002D6794 /* XCRemoteSwiftPackageReference "firebase-ios-sdk" */;
			productName = "FirebaseInAppMessaging-Beta";
		};
		0FCC52CA2DBE7217002D6794 /* FirebaseInstallations */ = {
			isa = XCSwiftPackageProductDependency;
			package = 0FCC52A92DBE7217002D6794 /* XCRemoteSwiftPackageReference "firebase-ios-sdk" */;
			productName = FirebaseInstallations;
		};
		0FCC52CC2DBE7217002D6794 /* FirebaseMLModelDownloader */ = {
			isa = XCSwiftPackageProductDependency;
			package = 0FCC52A92DBE7217002D6794 /* XCRemoteSwiftPackageReference "firebase-ios-sdk" */;
			productName = FirebaseMLModelDownloader;
		};
		0FCC52CE2DBE7217002D6794 /* FirebaseMessaging */ = {
			isa = XCSwiftPackageProductDependency;
			package = 0FCC52A92DBE7217002D6794 /* XCRemoteSwiftPackageReference "firebase-ios-sdk" */;
			productName = FirebaseMessaging;
		};
		0FCC52D02DBE7217002D6794 /* FirebasePerformance */ = {
			isa = XCSwiftPackageProductDependency;
			package = 0FCC52A92DBE7217002D6794 /* XCRemoteSwiftPackageReference "firebase-ios-sdk" */;
			productName = FirebasePerformance;
		};
		0FCC52D22DBE7217002D6794 /* FirebaseRemoteConfig */ = {
			isa = XCSwiftPackageProductDependency;
			package = 0FCC52A92DBE7217002D6794 /* XCRemoteSwiftPackageReference "firebase-ios-sdk" */;
			productName = FirebaseRemoteConfig;
		};
		0FCC52D42DBE7217002D6794 /* FirebaseStorage */ = {
			isa = XCSwiftPackageProductDependency;
			package = 0FCC52A92DBE7217002D6794 /* XCRemoteSwiftPackageReference "firebase-ios-sdk" */;
			productName = FirebaseStorage;
		};
		0FCC52D62DBE7217002D6794 /* FirebaseStorageCombine-Community */ = {
			isa = XCSwiftPackageProductDependency;
			package = 0FCC52A92DBE7217002D6794 /* XCRemoteSwiftPackageReference "firebase-ios-sdk" */;
			productName = "FirebaseStorageCombine-Community";
		};
		0FCC52D82DBE7217002D6794 /* FirebaseVertexAI */ = {
			isa = XCSwiftPackageProductDependency;
			package = 0FCC52A92DBE7217002D6794 /* XCRemoteSwiftPackageReference "firebase-ios-sdk" */;
			productName = FirebaseVertexAI;
		};
/* End XCSwiftPackageProductDependency section */
	};
	rootObject = 0FA090602D2FAEB000D83F96 /* Project object */;
}
